
Microsoft Visual Studio Solution File, Format Version 12.00
# Visual Studio Version 16
VisualStudioVersion = 16.0.32106.194
MinimumVisualStudioVersion = 10.0.40219.1
Project("{FAE04EC0-301F-11D3-BF4B-00C04F79EFBC}") = "ExamWebApi", "ExamWebApi.csproj", "{C76D46AF-983E-4AF3-83D5-44B6310F7DDB}"
EndProject
Global
	GlobalSection(SolutionConfigurationPlatforms) = preSolution
		Debug|Any CPU = Debug|Any CPU
		Release|Any CPU = Release|Any CPU
	EndGlobalSection
	GlobalSection(ProjectConfigurationPlatforms) = postSolution
		{C76D46AF-983E-4AF3-83D5-44B6310F7DDB}.Debug|Any CPU.ActiveCfg = Debug|Any CPU
		{C76D46AF-983E-4AF3-83D5-44B6310F7DDB}.Debug|Any CPU.Build.0 = Debug|Any CPU
		{C76D46AF-983E-4AF3-83D5-44B6310F7DDB}.Release|Any CPU.ActiveCfg = Release|Any CPU
		{C76D46AF-983E-4AF3-83D5-44B6310F7DDB}.Release|Any CPU.Build.0 = Release|Any CPU
	EndGlobalSection
	GlobalSection(SolutionProperties) = preSolution
		HideSolutionNode = FALSE
	EndGlobalSection
	GlobalSection(ExtensibilityGlobals) = postSolution
		SolutionGuid = {844B1236-F4BF-410B-BEFE-26A4B59610F0}
	EndGlobalSection
EndGlobal
